
Microsoft Visual Studio Solution File, Format Version 12.00
# Visual Studio 15
VisualStudioVersion = 15.0.27703.2042
MinimumVisualStudioVersion = 10.0.40219.1
Project("{FAE04EC0-301F-11D3-BF4B-00C04F79EFBC}") = "SalesWebMvc", "SalesWebMvc\SalesWebMvc.csproj", "{EB305196-8050-4D0E-9A13-17C44B1381CC}"
EndProject
Global
	GlobalSection(SolutionConfigurationPlatforms) = preSolution
		Debug|Any CPU = Debug|Any CPU
		Release|Any CPU = Release|Any CPU
	EndGlobalSection
	GlobalSection(ProjectConfigurationPlatforms) = postSolution
		{EB305196-8050-4D0E-9A13-17C44B1381CC}.Debug|Any CPU.ActiveCfg = Debug|Any CPU
		{EB305196-8050-4D0E-9A13-17C44B1381CC}.Debug|Any CPU.Build.0 = Debug|Any CPU
		{EB305196-8050-4D0E-9A13-17C44B1381CC}.Release|Any CPU.ActiveCfg = Release|Any CPU
		{EB305196-8050-4D0E-9A13-17C44B1381CC}.Release|Any CPU.Build.0 = Release|Any CPU
	EndGlobalSection
	GlobalSection(SolutionProperties) = preSolution
		HideSolutionNode = FALSE
	EndGlobalSection
	GlobalSection(ExtensibilityGlobals) = postSolution
		SolutionGuid = {EDBD4230-4B4E-4C7D-9A9E-0B8C9DA209DC}
	EndGlobalSection
EndGlobal
